// !$*UTF8*$!
{
	archiveVersion = 1;
	classes = {
	};
	objectVersion = 56;
	objects = {

/* Begin PBXBuildFile section */
		CF3FE7A5296EE2CC0087C3A6 /* KMMSpm in Frameworks */ = {isa = PBXBuildFile; productRef = CF3FE7A4296EE2CC0087C3A6 /* KMMSpm */; };
		CFA4A647296EB5AD00B4BCB3 /* KMMAppSampleApp.swift in Sources */ = {isa = PBXBuildFile; fileRef = CFA4A646296EB5AD00B4BCB3 /* KMMAppSampleApp.swift */; };
		CFA4A649296EB5AD00B4BCB3 /* ContentView.swift in Sources */ = {isa = PBXBuildFile; fileRef = CFA4A648296EB5AD00B4BCB3 /* ContentView.swift */; };
		CFA4A64B296EB5AE00B4BCB3 /* Assets.xcassets in Resources */ = {isa = PBXBuildFile; fileRef = CFA4A64A296EB5AE00B4BCB3 /* Assets.xcassets */; };
		CFA4A64E296EB5AE00B4BCB3 /* Preview Assets.xcassets in Resources */ = {isa = PBXBuildFile; fileRef = CFA4A64D296EB5AE00B4BCB3 /* Preview Assets.xcassets */; };
		CFA4A658296EB5E700B4BCB3 /* ContentViewModel.swift in Sources */ = {isa = PBXBuildFile; fileRef = CFA4A657296EB5E700B4BCB3 /* ContentViewModel.swift */; };
/* End PBXBuildFile section */

/* Begin PBXFileReference section */
		CFA4A643296EB5AD00B4BCB3 /* KMMAppSample.app */ = {isa = PBXFileReference; explicitFileType = wrapper.application; includeInIndex = 0; path = KMMAppSample.app; sourceTree = BUILT_PRODUCTS_DIR; };
		CFA4A646296EB5AD00B4BCB3 /* KMMAppSampleApp.swift */ = {isa = PBXFileReference; lastKnownFileType = sourcecode.swift; path = KMMAppSampleApp.swift; sourceTree = "<group>"; };
		CFA4A648296EB5AD00B4BCB3 /* ContentView.swift */ = {isa = PBXFileReference; lastKnownFileType = sourcecode.swift; path = ContentView.swift; sourceTree = "<group>"; };
		CFA4A64A296EB5AE00B4BCB3 /* Assets.xcassets */ = {isa = PBXFileReference; lastKnownFileType = folder.assetcatalog; path = Assets.xcassets; sourceTree = "<group>"; };
		CFA4A64D296EB5AE00B4BCB3 /* Preview Assets.xcassets */ = {isa = PBXFileReference; lastKnownFileType = folder.assetcatalog; path = "Preview Assets.xcassets"; sourceTree = "<group>"; };
		CFA4A657296EB5E700B4BCB3 /* ContentViewModel.swift */ = {isa = PBXFileReference; lastKnownFileType = sourcecode.swift; path = ContentViewModel.swift; sourceTree = "<group>"; };
/* End PBXFileReference section */

/* Begin PBXFrameworksBuildPhase section */
		CFA4A640296EB5AD00B4BCB3 /* Frameworks */ = {
			isa = PBXFrameworksBuildPhase;
			buildActionMask = 2147483647;
			files = (
				CF3FE7A5296EE2CC0087C3A6 /* KMMSpm in Frameworks */,
			);
			runOnlyForDeploymentPostprocessing = 0;
		};
/* End PBXFrameworksBuildPhase section */

/* Begin PBXGroup section */
		CF007D07296EC25B007F15DD /* Frameworks */ = {
			isa = PBXGroup;
			children = (
			);
			name = Frameworks;
			sourceTree = "<group>";
		};
		CFA4A63A296EB5AD00B4BCB3 = {
			isa = PBXGroup;
			children = (
				CFA4A645296EB5AD00B4BCB3 /* KMMAppSample */,
				CFA4A644296EB5AD00B4BCB3 /* Products */,
				CF007D07296EC25B007F15DD /* Frameworks */,
			);
			sourceTree = "<group>";
		};
		CFA4A644296EB5AD00B4BCB3 /* Products */ = {
			isa = PBXGroup;
			children = (
				CFA4A643296EB5AD00B4BCB3 /* KMMAppSample.app */,
			);
			name = Products;
			sourceTree = "<group>";
		};
		CFA4A645296EB5AD00B4BCB3 /* KMMAppSample */ = {
			isa = PBXGroup;
			children = (
				CFA4A646296EB5AD00B4BCB3 /* KMMAppSampleApp.swift */,
				CFA4A648296EB5AD00B4BCB3 /* ContentView.swift */,
				CFA4A657296EB5E700B4BCB3 /* ContentViewModel.swift */,
				CFA4A64A296EB5AE00B4BCB3 /* Assets.xcassets */,
				CFA4A64C296EB5AE00B4BCB3 /* Preview Content */,
			);
			path = KMMAppSample;
			sourceTree = "<group>";
		};
		CFA4A64C296EB5AE00B4BCB3 /* Preview Content */ = {
			isa = PBXGroup;
			children = (
				CFA4A64D296EB5AE00B4BCB3 /* Preview Assets.xcassets */,
			);
			path = "Preview Content";
			sourceTree = "<group>";
		};
/* End PBXGroup section */

/* Begin PBXNativeTarget section */
		CFA4A642296EB5AD00B4BCB3 /* KMMAppSample */ = {
			isa = PBXNativeTarget;
			buildConfigurationList = CFA4A651296EB5AE00B4BCB3 /* Build configuration list for PBXNativeTarget "KMMAppSample" */;
			buildPhases = (
				CFA4A63F296EB5AD00B4BCB3 /* Sources */,
				CFA4A640296EB5AD00B4BCB3 /* Frameworks */,
				CFA4A641296EB5AD00B4BCB3 /* Resources */,
			);
			buildRules = (
			);
			dependencies = (
			);
			name = KMMAppSample;
			packageProductDependencies = (
				CF3FE7A4296EE2CC0087C3A6 /* KMMSpm */,
			);
			productName = KMMAppSample;
			productReference = CFA4A643296EB5AD00B4BCB3 /* KMMAppSample.app */;
			productType = "com.apple.product-type.application";
		};
/* End PBXNativeTarget section */

/* Begin PBXProject section */
		CFA4A63B296EB5AD00B4BCB3 /* Project object */ = {
			isa = PBXProject;
			attributes = {
				BuildIndependentTargetsInParallel = 1;
				LastSwiftUpdateCheck = 1420;
				LastUpgradeCheck = 1420;
				TargetAttributes = {
					CFA4A642296EB5AD00B4BCB3 = {
						CreatedOnToolsVersion = 14.2;
					};
				};
			};
			buildConfigurationList = CFA4A63E296EB5AD00B4BCB3 /* Build configuration list for PBXProject "KMMAppSample" */;
			compatibilityVersion = "Xcode 14.0";
			developmentRegion = en;
			hasScannedForEncodings = 0;
			knownRegions = (
				en,
				Base,
			);
			mainGroup = CFA4A63A296EB5AD00B4BCB3;
			packageReferences = (
				CF3FE7A3296EE2CC0087C3A6 /* XCRemoteSwiftPackageReference "KMMSpm" */,
			);
			productRefGroup = CFA4A644296EB5AD00B4BCB3 /* Products */;
			projectDirPath = "";
			projectRoot = "";
			targets = (
				CFA4A642296EB5AD00B4BCB3 /* KMMAppSample */,
			);
		};
/* End PBXProject section */

/* Begin PBXResourcesBuildPhase section */
		CFA4A641296EB5AD00B4BCB3 /* Resources */ = {
			isa = PBXResourcesBuildPhase;
			buildActionMask = 2147483647;
			files = (
				CFA4A64E296EB5AE00B4BCB3 /* Preview Assets.xcassets in Resources */,
				CFA4A64B296EB5AE00B4BCB3 /* Assets.xcassets in Resources */,
			);
			runOnlyForDeploymentPostprocessing = 0;
		};
/* End PBXResourcesBuildPhase section */

/* Begin PBXSourcesBuildPhase section */
		CFA4A63F296EB5AD00B4BCB3 /* Sources */ = {
			isa = PBXSourcesBuildPhase;
			buildActionMask = 2147483647;
			files = (
				CFA4A649296EB5AD00B4BCB3 /* ContentView.swift in Sources */,
				CFA4A658296EB5E700B4BCB3 /* ContentViewModel.swift in Sources */,
				CFA4A647296EB5AD00B4BCB3 /* KMMAppSampleApp.swift in Sources */,
			);
			runOnlyForDeploymentPostprocessing = 0;
		};
/* End PBXSourcesBuildPhase section */

/* Begin XCBuildConfiguration section */
		CFA4A64F296EB5AE00B4BCB3 /* Debug */ = {
			isa = XCBuildConfiguration;
			buildSettings = {
				ALWAYS_SEARCH_USER_PATHS = NO;
				CLANG_ANALYZER_NONNULL = YES;
				CLANG_ANALYZER_NUMBER_OBJECT_CONVERSION = YES_AGGRESSIVE;
				CLANG_CXX_LANGUAGE_STANDARD = "gnu++20";
				CLANG_ENABLE_MODULES = YES;
				CLANG_ENABLE_OBJC_ARC = YES;
				CLANG_ENABLE_OBJC_WEAK = YES;
				CLANG_WARN_BLOCK_CAPTURE_AUTORELEASING = YES;
				CLANG_WARN_BOOL_CONVERSION = YES;
				CLANG_WARN_COMMA = YES;
				CLANG_WARN_CONSTANT_CONVERSION = YES;
				CLANG_WARN_DEPRECATED_OBJC_IMPLEMENTATIONS = YES;
				CLANG_WARN_DIRECT_OBJC_ISA_USAGE = YES_ERROR;
				CLANG_WARN_DOCUMENTATION_COMMENTS = YES;
				CLANG_WARN_EMPTY_BODY = YES;
				CLANG_WARN_ENUM_CONVERSION = YES;
				CLANG_WARN_INFINITE_RECURSION = YES;
				CLANG_WARN_INT_CONVERSION = YES;
				CLANG_WARN_NON_LITERAL_NULL_CONVERSION = YES;
				CLANG_WARN_OBJC_IMPLICIT_RETAIN_SELF = YES;
				CLANG_WARN_OBJC_LITERAL_CONVERSION = YES;
				CLANG_WARN_OBJC_ROOT_CLASS = YES_ERROR;
				CLANG_WARN_QUOTED_INCLUDE_IN_FRAMEWORK_HEADER = YES;
				CLANG_WARN_RANGE_LOOP_ANALYSIS = YES;
				CLANG_WARN_STRICT_PROTOTYPES = YES;
				CLANG_WARN_SUSPICIOUS_MOVE = YES;
				CLANG_WARN_UNGUARDED_AVAILABILITY = YES_AGGRESSIVE;
				CLANG_WARN_UNREACHABLE_CODE = YES;
				CLANG_WARN__DUPLICATE_METHOD_MATCH = YES;
				COPY_PHASE_STRIP = NO;
				DEBUG_INFORMATION_FORMAT = dwarf;
				ENABLE_STRICT_OBJC_MSGSEND = YES;
				ENABLE_TESTABILITY = YES;
				GCC_C_LANGUAGE_STANDARD = gnu11;
				GCC_DYNAMIC_NO_PIC = NO;
				GCC_NO_COMMON_BLOCKS = YES;
				GCC_OPTIMIZATION_LEVEL = 0;
				GCC_PREPROCESSOR_DEFINITIONS = (
					"DEBUG=1",
					"$(inherited)",
				);
				GCC_WARN_64_TO_32_BIT_CONVERSION = YES;
				GCC_WARN_ABOUT_RETURN_TYPE = YES_ERROR;
				GCC_WARN_UNDECLARED_SELECTOR = YES;
				GCC_WARN_UNINITIALIZED_AUTOS = YES_AGGRESSIVE;
				GCC_WARN_UNUSED_FUNCTION = YES;
				GCC_WARN_UNUSED_VARIABLE = YES;
				IPHONEOS_DEPLOYMENT_TARGET = 16.2;
				MTL_ENABLE_DEBUG_INFO = INCLUDE_SOURCE;
				MTL_FAST_MATH = YES;
				ONLY_ACTIVE_ARCH = YES;
				SDKROOT = iphoneos;
				SWIFT_ACTIVE_COMPILATION_CONDITIONS = DEBUG;
				SWIFT_OPTIMIZATION_LEVEL = "-Onone";
			};
			name = Debug;
		};
		CFA4A650296EB5AE00B4BCB3 /* Release */ = {
			isa = XCBuildConfiguration;
			buildSettings = {
				ALWAYS_SEARCH_USER_PATHS = NO;
				CLANG_ANALYZER_NONNULL = YES;
				CLANG_ANALYZER_NUMBER_OBJECT_CONVERSION = YES_AGGRESSIVE;
				CLANG_CXX_LANGUAGE_STANDARD = "gnu++20";
				CLANG_ENABLE_MODULES = YES;
				CLANG_ENABLE_OBJC_ARC = YES;
				CLANG_ENABLE_OBJC_WEAK = YES;
				CLANG_WARN_BLOCK_CAPTURE_AUTORELEASING = YES;
				CLANG_WARN_BOOL_CONVERSION = YES;
				CLANG_WARN_COMMA = YES;
				CLANG_WARN_CONSTANT_CONVERSION = YES;
				CLANG_WARN_DEPRECATED_OBJC_IMPLEMENTATIONS = YES;
				CLANG_WARN_DIRECT_OBJC_ISA_USAGE = YES_ERROR;
				CLANG_WARN_DOCUMENTATION_COMMENTS = YES;
				CLANG_WARN_EMPTY_BODY = YES;
				CLANG_WARN_ENUM_CONVERSION = YES;
				CLANG_WARN_INFINITE_RECURSION = YES;
				CLANG_WARN_INT_CONVERSION = YES;
				CLANG_WARN_NON_LITERAL_NULL_CONVERSION = YES;
				CLANG_WARN_OBJC_IMPLICIT_RETAIN_SELF = YES;
				CLANG_WARN_OBJC_LITERAL_CONVERSION = YES;
				CLANG_WARN_OBJC_ROOT_CLASS = YES_ERROR;
				CLANG_WARN_QUOTED_INCLUDE_IN_FRAMEWORK_HEADER = YES;
				CLANG_WARN_RANGE_LOOP_ANALYSIS = YES;
				CLANG_WARN_STRICT_PROTOTYPES = YES;
				CLANG_WARN_SUSPICIOUS_MOVE = YES;
				CLANG_WARN_UNGUARDED_AVAILABILITY = YES_AGGRESSIVE;
				CLANG_WARN_UNREACHABLE_CODE = YES;
				CLANG_WARN__DUPLICATE_METHOD_MATCH = YES;
				COPY_PHASE_STRIP = NO;
				DEBUG_INFORMATION_FORMAT = "dwarf-with-dsym";
				ENABLE_NS_ASSERTIONS = NO;
				ENABLE_STRICT_OBJC_MSGSEND = YES;
				GCC_C_LANGUAGE_STANDARD = gnu11;
				GCC_NO_COMMON_BLOCKS = YES;
				GCC_WARN_64_TO_32_BIT_CONVERSION = YES;
				GCC_WARN_ABOUT_RETURN_TYPE = YES_ERROR;
				GCC_WARN_UNDECLARED_SELECTOR = YES;
				GCC_WARN_UNINITIALIZED_AUTOS = YES_AGGRESSIVE;
				GCC_WARN_UNUSED_FUNCTION = YES;
				GCC_WARN_UNUSED_VARIABLE = YES;
				IPHONEOS_DEPLOYMENT_TARGET = 16.2;
				MTL_ENABLE_DEBUG_INFO = NO;
				MTL_FAST_MATH = YES;
				SDKROOT = iphoneos;
				SWIFT_COMPILATION_MODE = wholemodule;
				SWIFT_OPTIMIZATION_LEVEL = "-O";
				VALIDATE_PRODUCT = YES;
			};
			name = Release;
		};
		CFA4A652296EB5AE00B4BCB3 /* Debug */ = {
			isa = XCBuildConfiguration;
			buildSettings = {
				ALWAYS_EMBED_SWIFT_STANDARD_LIBRARIES = NO;
				ARCHS = "$(ARCHS_STANDARD)";
				ASSETCATALOG_COMPILER_APPICON_NAME = AppIcon;
				ASSETCATALOG_COMPILER_GLOBAL_ACCENT_COLOR_NAME = AccentColor;
				CODE_SIGN_STYLE = Automatic;
				CURRENT_PROJECT_VERSION = 1;
				DEVELOPMENT_ASSET_PATHS = "\"KMMAppSample/Preview Content\"";
				DEVELOPMENT_TEAM = 7FX9FX9T59;
				ENABLE_PREVIEWS = YES;
				EXCLUDED_ARCHS = "";
				GENERATE_INFOPLIST_FILE = YES;
				INFOPLIST_KEY_UIApplicationSceneManifest_Generation = YES;
				INFOPLIST_KEY_UIApplicationSupportsIndirectInputEvents = YES;
				INFOPLIST_KEY_UILaunchScreen_Generation = YES;
				INFOPLIST_KEY_UISupportedInterfaceOrientations_iPad = "UIInterfaceOrientationPortrait UIInterfaceOrientationPortraitUpsideDown UIInterfaceOrientationLandscapeLeft UIInterfaceOrientationLandscapeRight";
				INFOPLIST_KEY_UISupportedInterfaceOrientations_iPhone = "UIInterfaceOrientationPortrait UIInterfaceOrientationLandscapeLeft UIInterfaceOrientationLandscapeRight";
				LD_RUNPATH_SEARCH_PATHS = (
					"$(inherited)",
					"@executable_path/Frameworks",
				);
				MARKETING_VERSION = 1.0;
				ONLY_ACTIVE_ARCH = YES;
				OTHER_LDFLAGS = "$(inherited)";
				PRODUCT_BUNDLE_IDENTIFIER = com.ebubekirsezer.KMMAppSample;
				PRODUCT_NAME = "$(TARGET_NAME)";
				SWIFT_EMIT_LOC_STRINGS = YES;
				SWIFT_VERSION = 5.0;
				TARGETED_DEVICE_FAMILY = "1,2";
				VALIDATE_PRODUCT = NO;
			};
			name = Debug;
		};
		CFA4A653296EB5AE00B4BCB3 /* Release */ = {
			isa = XCBuildConfiguration;
			buildSettings = {
				ALWAYS_EMBED_SWIFT_STANDARD_LIBRARIES = NO;
				ARCHS = "$(ARCHS_STANDARD)";
				ASSETCATALOG_COMPILER_APPICON_NAME = AppIcon;
				ASSETCATALOG_COMPILER_GLOBAL_ACCENT_COLOR_NAME = AccentColor;
				CODE_SIGN_STYLE = Automatic;
				CURRENT_PROJECT_VERSION = 1;
				DEVELOPMENT_ASSET_PATHS = "\"KMMAppSample/Preview Content\"";
				DEVELOPMENT_TEAM = 7FX9FX9T59;
				ENABLE_PREVIEWS = YES;
				EXCLUDED_ARCHS = "";
				GENERATE_INFOPLIST_FILE = YES;
				INFOPLIST_KEY_UIApplicationSceneManifest_Generation = YES;
				INFOPLIST_KEY_UIApplicationSupportsIndirectInputEvents = YES;
				INFOPLIST_KEY_UILaunchScreen_Generation = YES;
				INFOPLIST_KEY_UISupportedInterfaceOrientations_iPad = "UIInterfaceOrientationPortrait UIInterfaceOrientationPortraitUpsideDown UIInterfaceOrientationLandscapeLeft UIInterfaceOrientationLandscapeRight";
				INFOPLIST_KEY_UISupportedInterfaceOrientations_iPhone = "UIInterfaceOrientationPortrait UIInterfaceOrientationLandscapeLeft UIInterfaceOrientationLandscapeRight";
				LD_RUNPATH_SEARCH_PATHS = (
					"$(inherited)",
					"@executable_path/Frameworks",
				);
				MARKETING_VERSION = 1.0;
				ONLY_ACTIVE_ARCH = NO;
				OTHER_LDFLAGS = "$(inherited)";
				PRODUCT_BUNDLE_IDENTIFIER = com.ebubekirsezer.KMMAppSample;
				PRODUCT_NAME = "$(TARGET_NAME)";
				SWIFT_EMIT_LOC_STRINGS = YES;
				SWIFT_VERSION = 5.0;
				TARGETED_DEVICE_FAMILY = "1,2";
			};
			name = Release;
		};
/* End XCBuildConfiguration section */

/* Begin XCConfigurationList section */
		CFA4A63E296EB5AD00B4BCB3 /* Build configuration list for PBXProject "KMMAppSample" */ = {
			isa = XCConfigurationList;
			buildConfigurations = (
				CFA4A64F296EB5AE00B4BCB3 /* Debug */,
				CFA4A650296EB5AE00B4BCB3 /* Release */,
			);
			defaultConfigurationIsVisible = 0;
			defaultConfigurationName = Release;
		};
		CFA4A651296EB5AE00B4BCB3 /* Build configuration list for PBXNativeTarget "KMMAppSample" */ = {
			isa = XCConfigurationList;
			buildConfigurations = (
				CFA4A652296EB5AE00B4BCB3 /* Debug */,
				CFA4A653296EB5AE00B4BCB3 /* Release */,
			);
			defaultConfigurationIsVisible = 0;
			defaultConfigurationName = Release;
		};
/* End XCConfigurationList section */

/* Begin XCRemoteSwiftPackageReference section */
		CF3FE7A3296EE2CC0087C3A6 /* XCRemoteSwiftPackageReference "KMMSpm" */ = {
			isa = XCRemoteSwiftPackageReference;
			repositoryURL = "https://github.com/ebubekirsezer/KMMSpm.git";
			requirement = {
				branch = master;
				kind = branch;
			};
		};
/* End XCRemoteSwiftPackageReference section */

/* Begin XCSwiftPackageProductDependency section */
		CF3FE7A4296EE2CC0087C3A6 /* KMMSpm */ = {
			isa = XCSwiftPackageProductDependency;
			package = CF3FE7A3296EE2CC0087C3A6 /* XCRemoteSwiftPackageReference "KMMSpm" */;
			productName = KMMSpm;
		};
/* End XCSwiftPackageProductDependency section */
	};
	rootObject = CFA4A63B296EB5AD00B4BCB3 /* Project object */;
}
